// !$*UTF8*$!
{
	archiveVersion = 1;
	classes = {
	};
	objectVersion = 77;
	objects = {

/* Begin PBXBuildFile section */
		E1DE000000000000000A0003 /* SessionActivityAttributes.swift in Sources */ = {isa = PBXBuildFile; fileRef = E1DE000000000000000A0001 /* SessionActivityAttributes.swift */; };
		E1DE000000000000000A0004 /* SessionActivityAttributes.swift in Sources */ = {isa = PBXBuildFile; fileRef = E1DE000000000000000A0001 /* SessionActivityAttributes.swift */; };
		E1DE000000000000000A0006 /* SessionControlIntents.swift in Sources */ = {isa = PBXBuildFile; fileRef = E1DE000000000000000A0005 /* SessionControlIntents.swift */; };
		E1DE000000000000000A0007 /* SessionControlIntents.swift in Sources */ = {isa = PBXBuildFile; fileRef = E1DE000000000000000A0005 /* SessionControlIntents.swift */; };
		E1DE000000000000000B0005 /* TaggdWidgetBundle.swift in Sources */ = {isa = PBXBuildFile; fileRef = E1DE000000000000000B0001 /* TaggdWidgetBundle.swift */; };
		E1DE000000000000000B0006 /* TaggdLiveActivity.swift in Sources */ = {isa = PBXBuildFile; fileRef = E1DE000000000000000B0002 /* TaggdLiveActivity.swift */; };
		E1DE000000000000000B0008 /* Assets.xcassets in Resources */ = {isa = PBXBuildFile; fileRef = E1DE000000000000000B0007 /* Assets.xcassets */; };
		E1DE000000000000000D0002 /* TaggdWidgetExtension.appex in Embed Foundation Extensions */ = {isa = PBXBuildFile; fileRef = E1DE000000000000000C0002 /* TaggdWidgetExtension.appex */; settings = {ATTRIBUTES = (RemoveHeadersOnCopy, ); }; };
		E1DE000000000000001A0002 /* WidgetSharedStore.swift in Sources */ = {isa = PBXBuildFile; fileRef = E1DE000000000000001A0001 /* WidgetSharedStore.swift */; };
		E1DE000000000000001A0003 /* WidgetSharedStore.swift in Sources */ = {isa = PBXBuildFile; fileRef = E1DE000000000000001A0001 /* WidgetSharedStore.swift */; };
		E1DE000000000000001B0002 /* TaggdEntryWidgets.swift in Sources */ = {isa = PBXBuildFile; fileRef = E1DE000000000000001B0001 /* TaggdEntryWidgets.swift */; };
		E1DE000000000000001D0002 /* TaggdControls.swift in Sources */ = {isa = PBXBuildFile; fileRef = E1DE000000000000001D0001 /* TaggdControls.swift */; };
/* End PBXBuildFile section */

/* Begin PBXContainerItemProxy section */
		E1DE000000000000000D0004 /* PBXContainerItemProxy */ = {
			isa = PBXContainerItemProxy;
			containerPortal = C63DD3912FFCF9BA002AF6A2 /* Project object */;
			proxyType = 1;
			remoteGlobalIDString = E1DE000000000000000C0001;
			remoteInfo = TaggdWidgetExtension;
		};
/* End PBXContainerItemProxy section */

/* Begin PBXCopyFilesBuildPhase section */
		E1DE000000000000000D0001 /* Embed Foundation Extensions */ = {
			isa = PBXCopyFilesBuildPhase;
			buildActionMask = 2147483647;
			dstPath = "";
			dstSubfolderSpec = 13;
			files = (
				E1DE000000000000000D0002 /* TaggdWidgetExtension.appex in Embed Foundation Extensions */,
			);
			name = "Embed Foundation Extensions";
			runOnlyForDeploymentPostprocessing = 0;
		};
/* End PBXCopyFilesBuildPhase section */

/* Begin PBXFileReference section */
		C63DD3992FFCF9BA002AF6A2 /* Taggd.app */ = {isa = PBXFileReference; explicitFileType = wrapper.application; includeInIndex = 0; path = Taggd.app; sourceTree = BUILT_PRODUCTS_DIR; };
		E1DE000000000000000A0001 /* SessionActivityAttributes.swift */ = {isa = PBXFileReference; lastKnownFileType = sourcecode.swift; path = SessionActivityAttributes.swift; sourceTree = "<group>"; };
		E1DE000000000000000A0005 /* SessionControlIntents.swift */ = {isa = PBXFileReference; lastKnownFileType = sourcecode.swift; path = SessionControlIntents.swift; sourceTree = "<group>"; };
		E1DE000000000000000B0001 /* TaggdWidgetBundle.swift */ = {isa = PBXFileReference; lastKnownFileType = sourcecode.swift; path = TaggdWidgetBundle.swift; sourceTree = "<group>"; };
		E1DE000000000000000B0002 /* TaggdLiveActivity.swift */ = {isa = PBXFileReference; lastKnownFileType = sourcecode.swift; path = TaggdLiveActivity.swift; sourceTree = "<group>"; };
		E1DE000000000000000B0003 /* Info.plist */ = {isa = PBXFileReference; lastKnownFileType = text.plist.xml; path = Info.plist; sourceTree = "<group>"; };
		E1DE000000000000000B0007 /* Assets.xcassets */ = {isa = PBXFileReference; lastKnownFileType = folder.assetcatalog; path = Assets.xcassets; sourceTree = "<group>"; };
		E1DE000000000000000C0002 /* TaggdWidgetExtension.appex */ = {isa = PBXFileReference; explicitFileType = "wrapper.app-extension"; includeInIndex = 0; path = TaggdWidgetExtension.appex; sourceTree = BUILT_PRODUCTS_DIR; };
		E1DE000000000000001A0001 /* WidgetSharedStore.swift */ = {isa = PBXFileReference; lastKnownFileType = sourcecode.swift; path = WidgetSharedStore.swift; sourceTree = "<group>"; };
		E1DE000000000000001B0001 /* TaggdEntryWidgets.swift */ = {isa = PBXFileReference; lastKnownFileType = sourcecode.swift; path = TaggdEntryWidgets.swift; sourceTree = "<group>"; };
		E1DE000000000000001D0001 /* TaggdControls.swift */ = {isa = PBXFileReference; lastKnownFileType = sourcecode.swift; path = TaggdControls.swift; sourceTree = "<group>"; };
		E1DE000000000000001C0001 /* TaggdWidget.entitlements */ = {isa = PBXFileReference; lastKnownFileType = text.plist.entitlements; path = TaggdWidget.entitlements; sourceTree = "<group>"; };
/* End PBXFileReference section */

/* Begin PBXFileSystemSynchronizedRootGroup section */
		C63DD39B2FFCF9BA002AF6A2 /* Taggd */ = {
			isa = PBXFileSystemSynchronizedRootGroup;
			path = Taggd;
			sourceTree = "<group>";
		};
/* End PBXFileSystemSynchronizedRootGroup section */

/* Begin PBXFrameworksBuildPhase section */
		C63DD3962FFCF9BA002AF6A2 /* Frameworks */ = {
			isa = PBXFrameworksBuildPhase;
			buildActionMask = 2147483647;
			files = (
			);
			runOnlyForDeploymentPostprocessing = 0;
		};
		E1DE000000000000000C0004 /* Frameworks */ = {
			isa = PBXFrameworksBuildPhase;
			buildActionMask = 2147483647;
			files = (
			);
			runOnlyForDeploymentPostprocessing = 0;
		};
/* End PBXFrameworksBuildPhase section */

/* Begin PBXGroup section */
		C63DD3902FFCF9BA002AF6A2 = {
			isa = PBXGroup;
			children = (
				C63DD39B2FFCF9BA002AF6A2 /* Taggd */,
				E1DE000000000000000B0004 /* TaggdWidget */,
				E1DE000000000000000A0002 /* Shared */,
				C63DD39A2FFCF9BA002AF6A2 /* Products */,
			);
			sourceTree = "<group>";
		};
		C63DD39A2FFCF9BA002AF6A2 /* Products */ = {
			isa = PBXGroup;
			children = (
				C63DD3992FFCF9BA002AF6A2 /* Taggd.app */,
				E1DE000000000000000C0002 /* TaggdWidgetExtension.appex */,
			);
			name = Products;
			sourceTree = "<group>";
		};
		E1DE000000000000000A0002 /* Shared */ = {
			isa = PBXGroup;
			children = (
				E1DE000000000000000A0001 /* SessionActivityAttributes.swift */,
				E1DE000000000000000A0005 /* SessionControlIntents.swift */,
				E1DE000000000000001A0001 /* WidgetSharedStore.swift */,
			);
			path = Shared;
			sourceTree = "<group>";
		};
		E1DE000000000000000B0004 /* TaggdWidget */ = {
			isa = PBXGroup;
			children = (
				E1DE000000000000000B0001 /* TaggdWidgetBundle.swift */,
				E1DE000000000000000B0002 /* TaggdLiveActivity.swift */,
				E1DE000000000000001B0001 /* TaggdEntryWidgets.swift */,
				E1DE000000000000001D0001 /* TaggdControls.swift */,
				E1DE000000000000000B0007 /* Assets.xcassets */,
				E1DE000000000000000B0003 /* Info.plist */,
				E1DE000000000000001C0001 /* TaggdWidget.entitlements */,
			);
			path = TaggdWidget;
			sourceTree = "<group>";
		};
/* End PBXGroup section */

/* Begin PBXNativeTarget section */
		C63DD3982FFCF9BA002AF6A2 /* Taggd */ = {
			isa = PBXNativeTarget;
			buildConfigurationList = C63DD3A42FFCF9BC002AF6A2 /* Build configuration list for PBXNativeTarget "Taggd" */;
			buildPhases = (
				C63DD3952FFCF9BA002AF6A2 /* Sources */,
				C63DD3962FFCF9BA002AF6A2 /* Frameworks */,
				C63DD3972FFCF9BA002AF6A2 /* Resources */,
				E1DE000000000000000D0001 /* Embed Foundation Extensions */,
			);
			buildRules = (
			);
			dependencies = (
				E1DE000000000000000D0003 /* PBXTargetDependency */,
			);
			fileSystemSynchronizedGroups = (
				C63DD39B2FFCF9BA002AF6A2 /* Taggd */,
			);
			name = Taggd;
			packageProductDependencies = (
			);
			productName = Taggd;
			productReference = C63DD3992FFCF9BA002AF6A2 /* Taggd.app */;
			productType = "com.apple.product-type.application";
		};
		E1DE000000000000000C0001 /* TaggdWidgetExtension */ = {
			isa = PBXNativeTarget;
			buildConfigurationList = E1DE000000000000000C0006 /* Build configuration list for PBXNativeTarget "TaggdWidgetExtension" */;
			buildPhases = (
				E1DE000000000000000C0003 /* Sources */,
				E1DE000000000000000C0004 /* Frameworks */,
				E1DE000000000000000C0005 /* Resources */,
			);
			buildRules = (
			);
			dependencies = (
			);
			name = TaggdWidgetExtension;
			packageProductDependencies = (
			);
			productName = TaggdWidgetExtension;
			productReference = E1DE000000000000000C0002 /* TaggdWidgetExtension.appex */;
			productType = "com.apple.product-type.app-extension";
		};
/* End PBXNativeTarget section */

/* Begin PBXProject section */
		C63DD3912FFCF9BA002AF6A2 /* Project object */ = {
			isa = PBXProject;
			attributes = {
				BuildIndependentTargetsInParallel = 1;
				LastSwiftUpdateCheck = 2660;
				LastUpgradeCheck = 2660;
				TargetAttributes = {
					C63DD3982FFCF9BA002AF6A2 = {
						CreatedOnToolsVersion = 26.6;
					};
					E1DE000000000000000C0001 = {
						CreatedOnToolsVersion = 26.6;
					};
				};
			};
			buildConfigurationList = C63DD3942FFCF9BA002AF6A2 /* Build configuration list for PBXProject "Taggd" */;
			developmentRegion = en;
			hasScannedForEncodings = 0;
			knownRegions = (
				en,
				Base,
				de,
				"zh-Hans",
				fr,
				"pt-BR",
				es,
				it,
				ja,
				ko,
			);
			mainGroup = C63DD3902FFCF9BA002AF6A2;
			minimizedProjectReferenceProxies = 1;
			preferredProjectObjectVersion = 77;
			productRefGroup = C63DD39A2FFCF9BA002AF6A2 /* Products */;
			projectDirPath = "";
			projectRoot = "";
			targets = (
				C63DD3982FFCF9BA002AF6A2 /* Taggd */,
				E1DE000000000000000C0001 /* TaggdWidgetExtension */,
			);
		};
/* End PBXProject section */

/* Begin PBXResourcesBuildPhase section */
		C63DD3972FFCF9BA002AF6A2 /* Resources */ = {
			isa = PBXResourcesBuildPhase;
			buildActionMask = 2147483647;
			files = (
			);
			runOnlyForDeploymentPostprocessing = 0;
		};
		E1DE000000000000000C0005 /* Resources */ = {
			isa = PBXResourcesBuildPhase;
			buildActionMask = 2147483647;
			files = (
				E1DE000000000000000B0008 /* Assets.xcassets in Resources */,
			);
			runOnlyForDeploymentPostprocessing = 0;
		};
/* End PBXResourcesBuildPhase section */

/* Begin PBXSourcesBuildPhase section */
		C63DD3952FFCF9BA002AF6A2 /* Sources */ = {
			isa = PBXSourcesBuildPhase;
			buildActionMask = 2147483647;
			files = (
				E1DE000000000000000A0003 /* SessionActivityAttributes.swift in Sources */,
				E1DE000000000000000A0006 /* SessionControlIntents.swift in Sources */,
				E1DE000000000000001A0002 /* WidgetSharedStore.swift in Sources */,
			);
			runOnlyForDeploymentPostprocessing = 0;
		};
		E1DE000000000000000C0003 /* Sources */ = {
			isa = PBXSourcesBuildPhase;
			buildActionMask = 2147483647;
			files = (
				E1DE000000000000000B0005 /* TaggdWidgetBundle.swift in Sources */,
				E1DE000000000000000B0006 /* TaggdLiveActivity.swift in Sources */,
				E1DE000000000000000A0004 /* SessionActivityAttributes.swift in Sources */,
				E1DE000000000000000A0007 /* SessionControlIntents.swift in Sources */,
				E1DE000000000000001A0003 /* WidgetSharedStore.swift in Sources */,
				E1DE000000000000001B0002 /* TaggdEntryWidgets.swift in Sources */,
				E1DE000000000000001D0002 /* TaggdControls.swift in Sources */,
			);
			runOnlyForDeploymentPostprocessing = 0;
		};
/* End PBXSourcesBuildPhase section */

/* Begin PBXTargetDependency section */
		E1DE000000000000000D0003 /* PBXTargetDependency */ = {
			isa = PBXTargetDependency;
			target = E1DE000000000000000C0001 /* TaggdWidgetExtension */;
			targetProxy = E1DE000000000000000D0004 /* PBXContainerItemProxy */;
		};
/* End PBXTargetDependency section */

/* Begin XCBuildConfiguration section */
		C63DD3A22FFCF9BC002AF6A2 /* Debug */ = {
			isa = XCBuildConfiguration;
			buildSettings = {
				ALWAYS_SEARCH_USER_PATHS = NO;
				ASSETCATALOG_COMPILER_GENERATE_SWIFT_ASSET_SYMBOL_EXTENSIONS = YES;
				CLANG_ANALYZER_NONNULL = YES;
				CLANG_ANALYZER_NUMBER_OBJECT_CONVERSION = YES_AGGRESSIVE;
				CLANG_CXX_LANGUAGE_STANDARD = "gnu++20";
				CLANG_ENABLE_MODULES = YES;
				CLANG_ENABLE_OBJC_ARC = YES;
				CLANG_ENABLE_OBJC_WEAK = YES;
				CLANG_WARN_BLOCK_CAPTURE_AUTORELEASING = YES;
				CLANG_WARN_BOOL_CONVERSION = YES;
				CLANG_WARN_COMMA = YES;
				CLANG_WARN_CONSTANT_CONVERSION = YES;
				CLANG_WARN_DEPRECATED_OBJC_IMPLEMENTATIONS = YES;
				CLANG_WARN_DIRECT_OBJC_ISA_USAGE = YES_ERROR;
				CLANG_WARN_DOCUMENTATION_COMMENTS = YES;
				CLANG_WARN_EMPTY_BODY = YES;
				CLANG_WARN_ENUM_CONVERSION = YES;
				CLANG_WARN_INFINITE_RECURSION = YES;
				CLANG_WARN_INT_CONVERSION = YES;
				CLANG_WARN_NON_LITERAL_NULL_CONVERSION = YES;
				CLANG_WARN_OBJC_IMPLICIT_RETAIN_SELF = YES;
				CLANG_WARN_OBJC_LITERAL_CONVERSION = YES;
				CLANG_WARN_OBJC_ROOT_CLASS = YES_ERROR;
				CLANG_WARN_QUOTED_INCLUDE_IN_FRAMEWORK_HEADER = YES;
				CLANG_WARN_RANGE_LOOP_ANALYSIS = YES;
				CLANG_WARN_STRICT_PROTOTYPES = YES;
				CLANG_WARN_SUSPICIOUS_MOVE = YES;
				CLANG_WARN_UNGUARDED_AVAILABILITY = YES_AGGRESSIVE;
				CLANG_WARN_UNREACHABLE_CODE = YES;
				CLANG_WARN__DUPLICATE_METHOD_MATCH = YES;
				COPY_PHASE_STRIP = NO;
				DEBUG_INFORMATION_FORMAT = dwarf;
				DEVELOPMENT_TEAM = UE57845B3R;
				ENABLE_STRICT_OBJC_MSGSEND = YES;
				ENABLE_TESTABILITY = YES;
				ENABLE_USER_SCRIPT_SANDBOXING = YES;
				GCC_C_LANGUAGE_STANDARD = gnu17;
				GCC_DYNAMIC_NO_PIC = NO;
				GCC_NO_COMMON_BLOCKS = YES;
				GCC_OPTIMIZATION_LEVEL = 0;
				GCC_PREPROCESSOR_DEFINITIONS = (
					"DEBUG=1",
					"$(inherited)",
				);
				GCC_WARN_64_TO_32_BIT_CONVERSION = YES;
				GCC_WARN_ABOUT_RETURN_TYPE = YES_ERROR;
				GCC_WARN_UNDECLARED_SELECTOR = YES;
				GCC_WARN_UNINITIALIZED_AUTOS = YES_AGGRESSIVE;
				GCC_WARN_UNUSED_FUNCTION = YES;
				GCC_WARN_UNUSED_VARIABLE = YES;
				IPHONEOS_DEPLOYMENT_TARGET = 26.5;
				LOCALIZATION_PREFERS_STRING_CATALOGS = YES;
				MTL_ENABLE_DEBUG_INFO = INCLUDE_SOURCE;
				MTL_FAST_MATH = YES;
				ONLY_ACTIVE_ARCH = YES;
				SDKROOT = iphoneos;
				SWIFT_ACTIVE_COMPILATION_CONDITIONS = "DEBUG $(inherited)";
				SWIFT_OPTIMIZATION_LEVEL = "-Onone";
			};
			name = Debug;
		};
		C63DD3A32FFCF9BC002AF6A2 /* Release */ = {
			isa = XCBuildConfiguration;
			buildSettings = {
				ALWAYS_SEARCH_USER_PATHS = NO;
				ASSETCATALOG_COMPILER_GENERATE_SWIFT_ASSET_SYMBOL_EXTENSIONS = YES;
				CLANG_ANALYZER_NONNULL = YES;
				CLANG_ANALYZER_NUMBER_OBJECT_CONVERSION = YES_AGGRESSIVE;
				CLANG_CXX_LANGUAGE_STANDARD = "gnu++20";
				CLANG_ENABLE_MODULES = YES;
				CLANG_ENABLE_OBJC_ARC = YES;
				CLANG_ENABLE_OBJC_WEAK = YES;
				CLANG_WARN_BLOCK_CAPTURE_AUTORELEASING = YES;
				CLANG_WARN_BOOL_CONVERSION = YES;
				CLANG_WARN_COMMA = YES;
				CLANG_WARN_CONSTANT_CONVERSION = YES;
				CLANG_WARN_DEPRECATED_OBJC_IMPLEMENTATIONS = YES;
				CLANG_WARN_DIRECT_OBJC_ISA_USAGE = YES_ERROR;
				CLANG_WARN_DOCUMENTATION_COMMENTS = YES;
				CLANG_WARN_EMPTY_BODY = YES;
				CLANG_WARN_ENUM_CONVERSION = YES;
				CLANG_WARN_INFINITE_RECURSION = YES;
				CLANG_WARN_INT_CONVERSION = YES;
				CLANG_WARN_NON_LITERAL_NULL_CONVERSION = YES;
				CLANG_WARN_OBJC_IMPLICIT_RETAIN_SELF = YES;
				CLANG_WARN_OBJC_LITERAL_CONVERSION = YES;
				CLANG_WARN_OBJC_ROOT_CLASS = YES_ERROR;
				CLANG_WARN_QUOTED_INCLUDE_IN_FRAMEWORK_HEADER = YES;
				CLANG_WARN_RANGE_LOOP_ANALYSIS = YES;
				CLANG_WARN_STRICT_PROTOTYPES = YES;
				CLANG_WARN_SUSPICIOUS_MOVE = YES;
				CLANG_WARN_UNGUARDED_AVAILABILITY = YES_AGGRESSIVE;
				CLANG_WARN_UNREACHABLE_CODE = YES;
				CLANG_WARN__DUPLICATE_METHOD_MATCH = YES;
				COPY_PHASE_STRIP = NO;
				DEBUG_INFORMATION_FORMAT = "dwarf-with-dsym";
				DEVELOPMENT_TEAM = UE57845B3R;
				ENABLE_NS_ASSERTIONS = NO;
				ENABLE_STRICT_OBJC_MSGSEND = YES;
				ENABLE_USER_SCRIPT_SANDBOXING = YES;
				GCC_C_LANGUAGE_STANDARD = gnu17;
				GCC_NO_COMMON_BLOCKS = YES;
				GCC_WARN_64_TO_32_BIT_CONVERSION = YES;
				GCC_WARN_ABOUT_RETURN_TYPE = YES_ERROR;
				GCC_WARN_UNDECLARED_SELECTOR = YES;
				GCC_WARN_UNINITIALIZED_AUTOS = YES_AGGRESSIVE;
				GCC_WARN_UNUSED_FUNCTION = YES;
				GCC_WARN_UNUSED_VARIABLE = YES;
				IPHONEOS_DEPLOYMENT_TARGET = 26.5;
				LOCALIZATION_PREFERS_STRING_CATALOGS = YES;
				MTL_ENABLE_DEBUG_INFO = NO;
				MTL_FAST_MATH = YES;
				SDKROOT = iphoneos;
				SWIFT_COMPILATION_MODE = wholemodule;
				VALIDATE_PRODUCT = YES;
			};
			name = Release;
		};
		C63DD3A52FFCF9BC002AF6A2 /* Debug */ = {
			isa = XCBuildConfiguration;
			buildSettings = {
				ASSETCATALOG_COMPILER_APPICON_NAME = AppIcon;
				ASSETCATALOG_COMPILER_GLOBAL_ACCENT_COLOR_NAME = AccentColor;
				CODE_SIGN_ENTITLEMENTS = Taggd/Taggd.entitlements;
				CODE_SIGN_STYLE = Automatic;
				CURRENT_PROJECT_VERSION = 41;
				DEVELOPMENT_TEAM = UE57845B3R;
				ENABLE_PREVIEWS = YES;
				GENERATE_INFOPLIST_FILE = YES;
				INFOPLIST_KEY_CFBundleDisplayName = Tagged;
				INFOPLIST_KEY_NSSupportsLiveActivities = YES;
				INFOPLIST_KEY_UIApplicationSceneManifest_Generation = YES;
				INFOPLIST_KEY_UIApplicationSupportsIndirectInputEvents = YES;
				INFOPLIST_KEY_UILaunchScreen_Generation = YES;
				INFOPLIST_KEY_UISupportedInterfaceOrientations = UIInterfaceOrientationPortrait;
				INFOPLIST_KEY_UISupportedInterfaceOrientations_iPad = "UIInterfaceOrientationLandscapeLeft UIInterfaceOrientationLandscapeRight UIInterfaceOrientationPortrait UIInterfaceOrientationPortraitUpsideDown";
				IPHONEOS_DEPLOYMENT_TARGET = 26.0;
				LD_RUNPATH_SEARCH_PATHS = (
					"$(inherited)",
					"@executable_path/Frameworks",
				);
				MARKETING_VERSION = 1.2;
				PRODUCT_BUNDLE_IDENTIFIER = com.toepper.rocks.Tagged;
				PRODUCT_NAME = "$(TARGET_NAME)";
				STRING_CATALOG_GENERATE_SYMBOLS = YES;
				SUPPORTED_PLATFORMS = "iphoneos iphonesimulator";
				SUPPORTS_MACCATALYST = NO;
				SUPPORTS_MAC_DESIGNED_FOR_IPHONE_IPAD = NO;
				SUPPORTS_XR_DESIGNED_FOR_IPHONE_IPAD = NO;
				SWIFT_APPROACHABLE_CONCURRENCY = YES;
				SWIFT_DEFAULT_ACTOR_ISOLATION = MainActor;
				SWIFT_EMIT_LOC_STRINGS = YES;
				SWIFT_UPCOMING_FEATURE_MEMBER_IMPORT_VISIBILITY = YES;
				SWIFT_VERSION = 5.0;
				TARGETED_DEVICE_FAMILY = 1;
			};
			name = Debug;
		};
		C63DD3A62FFCF9BC002AF6A2 /* Release */ = {
			isa = XCBuildConfiguration;
			buildSettings = {
				ASSETCATALOG_COMPILER_APPICON_NAME = AppIcon;
				ASSETCATALOG_COMPILER_GLOBAL_ACCENT_COLOR_NAME = AccentColor;
				CODE_SIGN_ENTITLEMENTS = Taggd/Taggd.entitlements;
				CODE_SIGN_STYLE = Automatic;
				CURRENT_PROJECT_VERSION = 41;
				DEVELOPMENT_TEAM = UE57845B3R;
				ENABLE_PREVIEWS = YES;
				GENERATE_INFOPLIST_FILE = YES;
				INFOPLIST_KEY_CFBundleDisplayName = Tagged;
				INFOPLIST_KEY_NSSupportsLiveActivities = YES;
				INFOPLIST_KEY_UIApplicationSceneManifest_Generation = YES;
				INFOPLIST_KEY_UIApplicationSupportsIndirectInputEvents = YES;
				INFOPLIST_KEY_UILaunchScreen_Generation = YES;
				INFOPLIST_KEY_UISupportedInterfaceOrientations = UIInterfaceOrientationPortrait;
				INFOPLIST_KEY_UISupportedInterfaceOrientations_iPad = "UIInterfaceOrientationLandscapeLeft UIInterfaceOrientationLandscapeRight UIInterfaceOrientationPortrait UIInterfaceOrientationPortraitUpsideDown";
				IPHONEOS_DEPLOYMENT_TARGET = 26.0;
				LD_RUNPATH_SEARCH_PATHS = (
					"$(inherited)",
					"@executable_path/Frameworks",
				);
				MARKETING_VERSION = 1.2;
				PRODUCT_BUNDLE_IDENTIFIER = com.toepper.rocks.Tagged;
				PRODUCT_NAME = "$(TARGET_NAME)";
				STRING_CATALOG_GENERATE_SYMBOLS = YES;
				SUPPORTED_PLATFORMS = "iphoneos iphonesimulator";
				SUPPORTS_MACCATALYST = NO;
				SUPPORTS_MAC_DESIGNED_FOR_IPHONE_IPAD = NO;
				SUPPORTS_XR_DESIGNED_FOR_IPHONE_IPAD = NO;
				SWIFT_APPROACHABLE_CONCURRENCY = YES;
				SWIFT_DEFAULT_ACTOR_ISOLATION = MainActor;
				SWIFT_EMIT_LOC_STRINGS = YES;
				SWIFT_UPCOMING_FEATURE_MEMBER_IMPORT_VISIBILITY = YES;
				SWIFT_VERSION = 5.0;
				TARGETED_DEVICE_FAMILY = 1;
			};
			name = Release;
		};
		E1DE000000000000000C0007 /* Debug */ = {
			isa = XCBuildConfiguration;
			buildSettings = {
				CODE_SIGN_ENTITLEMENTS = TaggdWidget/TaggdWidget.entitlements;
				CODE_SIGN_STYLE = Automatic;
				CURRENT_PROJECT_VERSION = 41;
				DEVELOPMENT_TEAM = UE57845B3R;
				GENERATE_INFOPLIST_FILE = YES;
				INFOPLIST_FILE = TaggdWidget/Info.plist;
				INFOPLIST_KEY_CFBundleDisplayName = Tagged;
				IPHONEOS_DEPLOYMENT_TARGET = 26.5;
				LD_RUNPATH_SEARCH_PATHS = (
					"$(inherited)",
					"@executable_path/Frameworks",
					"@executable_path/../../Frameworks",
				);
				MARKETING_VERSION = 1.2;
				PRODUCT_BUNDLE_IDENTIFIER = com.toepper.rocks.Tagged.TaggdWidget;
				PRODUCT_NAME = "$(TARGET_NAME)";
				SKIP_INSTALL = YES;
				SWIFT_EMIT_LOC_STRINGS = YES;
				SWIFT_VERSION = 5.0;
				TARGETED_DEVICE_FAMILY = "1,2";
			};
			name = Debug;
		};
		E1DE000000000000000C0008 /* Release */ = {
			isa = XCBuildConfiguration;
			buildSettings = {
				CODE_SIGN_ENTITLEMENTS = TaggdWidget/TaggdWidget.entitlements;
				CODE_SIGN_STYLE = Automatic;
				CURRENT_PROJECT_VERSION = 41;
				DEVELOPMENT_TEAM = UE57845B3R;
				GENERATE_INFOPLIST_FILE = YES;
				INFOPLIST_FILE = TaggdWidget/Info.plist;
				INFOPLIST_KEY_CFBundleDisplayName = Tagged;
				IPHONEOS_DEPLOYMENT_TARGET = 26.5;
				LD_RUNPATH_SEARCH_PATHS = (
					"$(inherited)",
					"@executable_path/Frameworks",
					"@executable_path/../../Frameworks",
				);
				MARKETING_VERSION = 1.2;
				PRODUCT_BUNDLE_IDENTIFIER = com.toepper.rocks.Tagged.TaggdWidget;
				PRODUCT_NAME = "$(TARGET_NAME)";
				SKIP_INSTALL = YES;
				SWIFT_EMIT_LOC_STRINGS = YES;
				SWIFT_VERSION = 5.0;
				TARGETED_DEVICE_FAMILY = "1,2";
			};
			name = Release;
		};
/* End XCBuildConfiguration section */

/* Begin XCConfigurationList section */
		C63DD3942FFCF9BA002AF6A2 /* Build configuration list for PBXProject "Taggd" */ = {
			isa = XCConfigurationList;
			buildConfigurations = (
				C63DD3A22FFCF9BC002AF6A2 /* Debug */,
				C63DD3A32FFCF9BC002AF6A2 /* Release */,
			);
			defaultConfigurationIsVisible = 0;
			defaultConfigurationName = Release;
		};
		C63DD3A42FFCF9BC002AF6A2 /* Build configuration list for PBXNativeTarget "Taggd" */ = {
			isa = XCConfigurationList;
			buildConfigurations = (
				C63DD3A52FFCF9BC002AF6A2 /* Debug */,
				C63DD3A62FFCF9BC002AF6A2 /* Release */,
			);
			defaultConfigurationIsVisible = 0;
			defaultConfigurationName = Release;
		};
		E1DE000000000000000C0006 /* Build configuration list for PBXNativeTarget "TaggdWidgetExtension" */ = {
			isa = XCConfigurationList;
			buildConfigurations = (
				E1DE000000000000000C0007 /* Debug */,
				E1DE000000000000000C0008 /* Release */,
			);
			defaultConfigurationIsVisible = 0;
			defaultConfigurationName = Release;
		};
/* End XCConfigurationList section */
	};
	rootObject = C63DD3912FFCF9BA002AF6A2 /* Project object */;
}
